
Microsoft Visual Studio Solution File, Format Version 12.00
# Visual Studio Version 16
VisualStudioVersion = 16.0.31624.102
MinimumVisualStudioVersion = 10.0.40219.1
Project("{FAE04EC0-301F-11D3-BF4B-00C04F79EFBC}") = "Final_MVC", "Final_MVC\Final_MVC.csproj", "{7CA681BC-8278-43F5-A843-3C051D3CAEC8}"
EndProject
Global
	GlobalSection(SolutionConfigurationPlatforms) = preSolution
		Debug|Any CPU = Debug|Any CPU
		Release|Any CPU = Release|Any CPU
	EndGlobalSection
	GlobalSection(ProjectConfigurationPlatforms) = postSolution
		{7CA681BC-8278-43F5-A843-3C051D3CAEC8}.Debug|Any CPU.ActiveCfg = Debug|Any CPU
		{7CA681BC-8278-43F5-A843-3C051D3CAEC8}.Debug|Any CPU.Build.0 = Debug|Any CPU
		{7CA681BC-8278-43F5-A843-3C051D3CAEC8}.Release|Any CPU.ActiveCfg = Release|Any CPU
		{7CA681BC-8278-43F5-A843-3C051D3CAEC8}.Release|Any CPU.Build.0 = Release|Any CPU
	EndGlobalSection
	GlobalSection(SolutionProperties) = preSolution
		HideSolutionNode = FALSE
	EndGlobalSection
	GlobalSection(ExtensibilityGlobals) = postSolution
		SolutionGuid = {78D5D1C6-F3B4-4693-8BE2-6B29A2AA1348}
	EndGlobalSection
EndGlobal
